
Microsoft Visual Studio Solution File, Format Version 12.00
# Visual Studio Version 17
VisualStudioVersion = 17.11.35312.102
MinimumVisualStudioVersion = 10.0.40219.1
Project("{9A19103F-16F7-4668-BE54-9A1E7A4F7556}") = "BookStore.API", "BookStore.API\BookStore.API.csproj", "{50071B85-27DB-4BCC-9D2B-7F502347DEAA}"
EndProject
Project("{9A19103F-16F7-4668-BE54-9A1E7A4F7556}") = "BookStore.DataAccess", "BookStore.DataAccess\BookStore.DataAccess.csproj", "{FE07D3B5-9BD2-4C7C-84F4-4699762C55E3}"
EndProject
Project("{9A19103F-16F7-4668-BE54-9A1E7A4F7556}") = "BookStore.Core", "BookStore.Core\BookStore.Core.csproj", "{13AF5D90-9FEC-4B9B-A333-59B115F766C7}"
EndProject
Project("{FAE04EC0-301F-11D3-BF4B-00C04F79EFBC}") = "BookStore.Application", "BookStore.Application\BookStore.Application.csproj", "{939DB298-E276-4C4B-BB80-DEA9F74AF7DE}"
EndProject
Global
	GlobalSection(SolutionConfigurationPlatforms) = preSolution
		Debug|Any CPU = Debug|Any CPU
		Release|Any CPU = Release|Any CPU
	EndGlobalSection
	GlobalSection(ProjectConfigurationPlatforms) = postSolution
		{50071B85-27DB-4BCC-9D2B-7F502347DEAA}.Debug|Any CPU.ActiveCfg = Debug|Any CPU
		{50071B85-27DB-4BCC-9D2B-7F502347DEAA}.Debug|Any CPU.Build.0 = Debug|Any CPU
		{50071B85-27DB-4BCC-9D2B-7F502347DEAA}.Release|Any CPU.ActiveCfg = Release|Any CPU
		{50071B85-27DB-4BCC-9D2B-7F502347DEAA}.Release|Any CPU.Build.0 = Release|Any CPU
		{FE07D3B5-9BD2-4C7C-84F4-4699762C55E3}.Debug|Any CPU.ActiveCfg = Debug|Any CPU
		{FE07D3B5-9BD2-4C7C-84F4-4699762C55E3}.Debug|Any CPU.Build.0 = Debug|Any CPU
		{FE07D3B5-9BD2-4C7C-84F4-4699762C55E3}.Release|Any CPU.ActiveCfg = Release|Any CPU
		{FE07D3B5-9BD2-4C7C-84F4-4699762C55E3}.Release|Any CPU.Build.0 = Release|Any CPU
		{13AF5D90-9FEC-4B9B-A333-59B115F766C7}.Debug|Any CPU.ActiveCfg = Debug|Any CPU
		{13AF5D90-9FEC-4B9B-A333-59B115F766C7}.Debug|Any CPU.Build.0 = Debug|Any CPU
		{13AF5D90-9FEC-4B9B-A333-59B115F766C7}.Release|Any CPU.ActiveCfg = Release|Any CPU
		{13AF5D90-9FEC-4B9B-A333-59B115F766C7}.Release|Any CPU.Build.0 = Release|Any CPU
		{939DB298-E276-4C4B-BB80-DEA9F74AF7DE}.Debug|Any CPU.ActiveCfg = Debug|Any CPU
		{939DB298-E276-4C4B-BB80-DEA9F74AF7DE}.Debug|Any CPU.Build.0 = Debug|Any CPU
		{939DB298-E276-4C4B-BB80-DEA9F74AF7DE}.Release|Any CPU.ActiveCfg = Release|Any CPU
		{939DB298-E276-4C4B-BB80-DEA9F74AF7DE}.Release|Any CPU.Build.0 = Release|Any CPU
	EndGlobalSection
	GlobalSection(SolutionProperties) = preSolution
		HideSolutionNode = FALSE
	EndGlobalSection
	GlobalSection(ExtensibilityGlobals) = postSolution
		SolutionGuid = {C5318C59-B122-4CD6-BEF2-EC3682B18BB6}
	EndGlobalSection
EndGlobal
